<?xml version="1.0" encoding="utf-8"?>
<Project ToolsVersion="15.0" xmlns="http://schemas.microsoft.com/developer/msbuild/2003">
  <ItemGroup>
    <ClCompile Include="..\src\exp.c">
      <Filter>src</Filter>
    </ClCompile>
    <ClCompile Include="..\src\interpreter.c">
      <Filter>src</Filter>
    </ClCompile>
    <ClCompile Include="..\src\lexer.c">
      <Filter>src</Filter>
    </ClCompile>
    <ClCompile Include="..\src\main.c">
      <Filter>src</Filter>
    </ClCompile>
    <ClCompile Include="..\src\fileutils.c">
      <Filter>src</Filter>
    </ClCompile>
    <ClCompile Include="..\src\preprocessor.c">
      <Filter>src</Filter>
    </ClCompile>
  </ItemGroup>
  <ItemGroup>
    <ClInclude Include="..\src\include\common.h">
      <Filter>include</Filter>
    </ClInclude>
    <ClInclude Include="..\src\include\exp.h">
      <Filter>include</Filter>
    </ClInclude>
    <ClInclude Include="..\src\include\interpreter.h">
      <Filter>include</Filter>
    </ClInclude>
    <ClInclude Include="..\src\include\lexer.h">
      <Filter>include</Filter>
    </ClInclude>
    <ClInclude Include="..\src\include\preprocessor.h">
      <Filter>include</Filter>
    </ClInclude>
  </ItemGroup>
  <ItemGroup>
    <None Include="..\test\break" />
    <None Include="..\test\while" />
  </ItemGroup>
  <ItemGroup>
    <Filter Include="src">
      <UniqueIdentifier>{f0ff0b1b-98dd-4053-8124-e07e4da4b44f}</UniqueIdentifier>
    </Filter>
    <Filter Include="include">
      <UniqueIdentifier>{b1205f74-44a4-48a4-b594-df6f69e8152f}</UniqueIdentifier>
    </Filter>
  </ItemGroup>
</Project>